
Microsoft Visual Studio Solution File, Format Version 12.00
# Visual Studio Version 17
VisualStudioVersion = 17.2.32630.192
MinimumVisualStudioVersion = 10.0.40219.1
Project("{FAE04EC0-301F-11D3-BF4B-00C04F79EFBC}") = "PCAD7_Project_MovieDatabase", "PCAD7_Project_MovieDatabase.csproj", "{516D840C-2534-4AE6-AF64-E3F7C97BA36B}"
EndProject
Global
	GlobalSection(SolutionConfigurationPlatforms) = preSolution
		Debug|Any CPU = Debug|Any CPU
		Release|Any CPU = Release|Any CPU
	EndGlobalSection
	GlobalSection(ProjectConfigurationPlatforms) = postSolution
		{516D840C-2534-4AE6-AF64-E3F7C97BA36B}.Debug|Any CPU.ActiveCfg = Debug|Any CPU
		{516D840C-2534-4AE6-AF64-E3F7C97BA36B}.Debug|Any CPU.Build.0 = Debug|Any CPU
		{516D840C-2534-4AE6-AF64-E3F7C97BA36B}.Release|Any CPU.ActiveCfg = Release|Any CPU
		{516D840C-2534-4AE6-AF64-E3F7C97BA36B}.Release|Any CPU.Build.0 = Release|Any CPU
	EndGlobalSection
	GlobalSection(SolutionProperties) = preSolution
		HideSolutionNode = FALSE
	EndGlobalSection
	GlobalSection(ExtensibilityGlobals) = postSolution
		SolutionGuid = {4B95FF5E-AB5C-48D6-AE3E-78FE27D4B1F6}
	EndGlobalSection
EndGlobal
